
Microsoft Visual Studio Solution File, Format Version 12.00
Project("{FAE04EC0-301F-11D3-BF4B-00C04F79EFBC}") = "A", "A\A.csproj", "{4268ADF3-0031-4EE3-9CD2-5129FB8A97D0}"
EndProject
Global
	GlobalSection(SolutionConfigurationPlatforms) = preSolution
		Debug|Any CPU = Debug|Any CPU
		Release|Any CPU = Release|Any CPU
	EndGlobalSection
	GlobalSection(ProjectConfigurationPlatforms) = postSolution
		{4268ADF3-0031-4EE3-9CD2-5129FB8A97D0}.Debug|Any CPU.ActiveCfg = Debug|Any CPU
		{4268ADF3-0031-4EE3-9CD2-5129FB8A97D0}.Debug|Any CPU.Build.0 = Debug|Any CPU
		{4268ADF3-0031-4EE3-9CD2-5129FB8A97D0}.Release|Any CPU.ActiveCfg = Release|Any CPU
		{4268ADF3-0031-4EE3-9CD2-5129FB8A97D0}.Release|Any CPU.Build.0 = Release|Any CPU
	EndGlobalSection
EndGlobal
