
Microsoft Visual Studio Solution File, Format Version 12.00
Project("{FAE04EC0-301F-11D3-BF4B-00C04F79EFBC}") = "B", "B\B.csproj", "{0FFB1FD1-CC6E-4116-B6E0-EA53BA996654}"
EndProject
Global
	GlobalSection(SolutionConfigurationPlatforms) = preSolution
		Debug|Any CPU = Debug|Any CPU
		Release|Any CPU = Release|Any CPU
	EndGlobalSection
	GlobalSection(ProjectConfigurationPlatforms) = postSolution
		{0FFB1FD1-CC6E-4116-B6E0-EA53BA996654}.Debug|Any CPU.ActiveCfg = Debug|Any CPU
		{0FFB1FD1-CC6E-4116-B6E0-EA53BA996654}.Debug|Any CPU.Build.0 = Debug|Any CPU
		{0FFB1FD1-CC6E-4116-B6E0-EA53BA996654}.Release|Any CPU.ActiveCfg = Release|Any CPU
		{0FFB1FD1-CC6E-4116-B6E0-EA53BA996654}.Release|Any CPU.Build.0 = Release|Any CPU
	EndGlobalSection
EndGlobal
