
Microsoft Visual Studio Solution File, Format Version 12.00
Project("{FAE04EC0-301F-11D3-BF4B-00C04F79EFBC}") = "ShiftOnly", "ShiftOnly\ShiftOnly.csproj", "{ABABE87F-659E-4746-9216-632E170E2BCF}"
EndProject
Global
	GlobalSection(SolutionConfigurationPlatforms) = preSolution
		Debug|Any CPU = Debug|Any CPU
		Release|Any CPU = Release|Any CPU
	EndGlobalSection
	GlobalSection(ProjectConfigurationPlatforms) = postSolution
		{ABABE87F-659E-4746-9216-632E170E2BCF}.Debug|Any CPU.ActiveCfg = Debug|Any CPU
		{ABABE87F-659E-4746-9216-632E170E2BCF}.Debug|Any CPU.Build.0 = Debug|Any CPU
		{ABABE87F-659E-4746-9216-632E170E2BCF}.Release|Any CPU.ActiveCfg = Release|Any CPU
		{ABABE87F-659E-4746-9216-632E170E2BCF}.Release|Any CPU.Build.0 = Release|Any CPU
	EndGlobalSection
EndGlobal
